{
  "name": "app-package",
  "version": "1.0.0",
  "lockfileVersion": 2,
  "requires": true,
  "packages": {
    "": {
      "name": "app-package",
      "version": "1.0.0",
      "license": "ISC",
      "dependencies": {
        "child-package": "file:../lib-package",
        "requireindex": "^1.2.0"
      }
    },
    "../lib-package": {
      "version": "1.0.0",
      "license": "ISC",
      "dependencies": {
        "requireindex": "^1.2.0"
      }
    },
    "node_modules/child-package": {
      "resolved": "../lib-package",
      "link": true
    },
    "node_modules/requireindex": {
      "version": "1.2.0",
      "resolved": "https://registry.npmjs.org/requireindex/-/requireindex-1.2.0.tgz",
      "integrity": "sha512-L9jEkOi3ASd9PYit2cwRfyppc9NoABujTP8/5gFcbERmo5jUoAKovIC3fsF17pkTnGsrByysqX+Kxd2OTNI1ww==",
      "engines": {
        "node": ">=0.10.5"
      }
    }
  },
  "dependencies": {
    "child-package": {
      "version": "file:../lib-package",
      "requires": {
        "requireindex": "^1.2.0"
      }
    },
    "requireindex": {
      "version": "1.2.0",
      "resolved": "https://registry.npmjs.org/requireindex/-/requireindex-1.2.0.tgz",
      "integrity": "sha512-L9jEkOi3ASd9PYit2cwRfyppc9NoABujTP8/5gFcbERmo5jUoAKovIC3fsF17pkTnGsrByysqX+Kxd2OTNI1ww=="
    }
  }
}
