{
  "name": "app-package",
  "version": "1.0.0",
  "lockfileVersion": 2,
  "requires": true,
  "packages": {
    "": {
      "name": "app-package",
      "version": "1.0.0",
      "license": "ISC",
      "dependencies": {
        "child-package": "file:../lib-package"
      }
    },
    "../lib-package": {
      "version": "1.0.0",
      "license": "ISC",
      "dependencies": {
        "requireindex": "^1.2.0"
      }
    },
    "node_modules/child-package": {
      "resolved": "../lib-package",
      "link": true
    }
  },
  "dependencies": {
    "child-package": {
      "version": "file:../lib-package",
      "requires": {
        "requireindex": "^1.2.0"
      }
    }
  }
}
